# THIS IS AN AUTOGENERATED FILE. DO NOT EDIT THIS FILE DIRECTLY.
# yarn lockfile v1


"@babel/runtime@^7.14.0":
  version "7.14.6"
  resolved "https://registry.yarnpkg.com/@babel/runtime/-/runtime-7.14.6.tgz#535203bc0892efc7dec60bdc27b2ecf6e409062d"
  integrity sha512-/PCB2uJ7oM44tz8YhC4Z/6PeOKXp4K588f+5M3clr1M4zbqztlo0XEfJ2LEzj/FgwfgGcIdl8n7YYjTCI0BYwg==
  dependencies:
    regenerator-runtime "^0.13.4"

"@miragejs/pretender-node-polyfill@^0.1.0":
  version "0.1.2"
  resolved "https://registry.yarnpkg.com/@miragejs/pretender-node-polyfill/-/pretender-node-polyfill-0.1.2.tgz#d26b6b7483fb70cd62189d05c95d2f67153e43f2"
  integrity sha512-M/BexG/p05C5lFfMunxo/QcgIJnMT2vDVCd00wNqK2ImZONIlEETZwWJu1QtLxtmYlSHlCFl3JNzp0tLe7OJ5g==

"@types/prop-types@*":
  version "15.7.4"
  resolved "https://registry.yarnpkg.com/@types/prop-types/-/prop-types-15.7.4.tgz#fcf7205c25dff795ee79af1e30da2c9790808f11"
  integrity sha512-rZ5drC/jWjrArrS8BR6SIr4cWpW09RNTYt9AMZo3Jwwif+iacXAqgVjm0B0Bv/S1jhDXKHqRVNCbACkJ89RAnQ==

"@types/react-modal@^3.12.1":
  version "3.12.1"
  resolved "https://registry.yarnpkg.com/@types/react-modal/-/react-modal-3.12.1.tgz#fd1558762ed96020291b831190c85bc721aad3c1"
  integrity sha512-pgq/jAnSJqHX7NXTFyUSXwlFOBUGngBXavFmAIKE7bkM7WNKyF/9XvmMr2+eIBOvR8waiA0Nj2qHfDZqMgeT6w==
  dependencies:
    "@types/react" "*"

"@types/react@*":
  version "17.0.14"
  resolved "https://registry.yarnpkg.com/@types/react/-/react-17.0.14.tgz#f0629761ca02945c4e8fea99b8177f4c5c61fb0f"
  integrity sha512-0WwKHUbWuQWOce61UexYuWTGuGY/8JvtUe/dtQ6lR4sZ3UiylHotJeWpf3ArP9+DSGUoLY3wbU59VyMrJps5VQ==
  dependencies:
    "@types/prop-types" "*"
    "@types/scheduler" "*"
    csstype "^3.0.2"

"@types/scheduler@*":
  version "0.16.2"
  resolved "https://registry.yarnpkg.com/@types/scheduler/-/scheduler-0.16.2.tgz#1a62f89525723dde24ba1b01b092bf5df8ad4d39"
  integrity sha512-hppQEBDmlwhFAXKJX2KnWLYu5yMfi91yazPb2l+lbJiwW+wdo1gNeRA+3RgNSO39WYX2euey41KEwnqesU2Jew==

axios@^0.21.1:
  version "0.21.1"
  resolved "https://registry.yarnpkg.com/axios/-/axios-0.21.1.tgz#22563481962f4d6bde9a76d516ef0e5d3c09b2b8"
  integrity sha512-dKQiRHxGD9PPRIUNIWvZhPTPpl1rf/OxTYKsqKUDjBwYylTvV7SjSHJb9ratfyzM6wCdLCOYLzs73qpg5c4iGA==
  dependencies:
    follow-redirects "^1.10.0"

csstype@^3.0.2:
  version "3.0.8"
  resolved "https://registry.yarnpkg.com/csstype/-/csstype-3.0.8.tgz#d2266a792729fb227cd216fb572f43728e1ad340"
  integrity sha512-jXKhWqXPmlUeoQnF/EhTtTl4C9SnrxSH/jZUih3jmO6lBKr99rP3/+FmrMj4EFpOXzMtXHAZkd3x0E6h6Fgflw==

exenv@^1.2.0:
  version "1.2.2"
  resolved "https://registry.yarnpkg.com/exenv/-/exenv-1.2.2.tgz#2ae78e85d9894158670b03d47bec1f03bd91bb9d"
  integrity sha1-KueOhdmJQVhnCwPUe+wfA72Ru50=

fake-xml-http-request@^2.1.1:
  version "2.1.2"
  resolved "https://registry.yarnpkg.com/fake-xml-http-request/-/fake-xml-http-request-2.1.2.tgz#f1786720cae50bbb46273035a0173414f3e85e74"
  integrity sha512-HaFMBi7r+oEC9iJNpc3bvcW7Z7iLmM26hPDmlb0mFwyANSsOQAtJxbdWsXITKOzZUyMYK0zYCv3h5yDj9TsiXg==

follow-redirects@^1.10.0:
  version "1.14.1"
  resolved "https://registry.yarnpkg.com/follow-redirects/-/follow-redirects-1.14.1.tgz#d9114ded0a1cfdd334e164e6662ad02bfd91ff43"
  integrity sha512-HWqDgT7ZEkqRzBvc2s64vSZ/hfOceEol3ac/7tKwzuvEyWx3/4UegXh5oBOIotkGsObyk3xznnSRVADBgWSQVg==

inflected@^2.0.4:
  version "2.1.0"
  resolved "https://registry.yarnpkg.com/inflected/-/inflected-2.1.0.tgz#2816ac17a570bbbc8303ca05bca8bf9b3f959687"
  integrity sha512-hAEKNxvHf2Iq3H60oMBHkB4wl5jn3TPF3+fXek/sRwAB5gP9xWs4r7aweSF95f99HFoz69pnZTcu8f0SIHV18w==

"js-tokens@^3.0.0 || ^4.0.0":
  version "4.0.0"
  resolved "https://registry.yarnpkg.com/js-tokens/-/js-tokens-4.0.0.tgz#19203fb59991df98e3a287050d4647cdeaf32499"
  integrity sha512-RdJUflcE3cUzKiMqQgsCu06FPu9UdIJO0beYbPhHN4k6apgJtifcoCtT9bcxOpYBtpD2kCM6Sbzg4CausW/PKQ==

lodash.assign@^4.2.0:
  version "4.2.0"
  resolved "https://registry.yarnpkg.com/lodash.assign/-/lodash.assign-4.2.0.tgz#0d99f3ccd7a6d261d19bdaeb9245005d285808e7"
  integrity sha1-DZnzzNem0mHRm9rrkkUAXShYCOc=

lodash.camelcase@^4.3.0:
  version "4.3.0"
  resolved "https://registry.yarnpkg.com/lodash.camelcase/-/lodash.camelcase-4.3.0.tgz#b28aa6288a2b9fc651035c7711f65ab6190331a6"
  integrity sha1-soqmKIorn8ZRA1x3EfZathkDMaY=

lodash.clonedeep@^4.5.0:
  version "4.5.0"
  resolved "https://registry.yarnpkg.com/lodash.clonedeep/-/lodash.clonedeep-4.5.0.tgz#e23f3f9c4f8fbdde872529c1071857a086e5ccef"
  integrity sha1-4j8/nE+Pvd6HJSnBBxhXoIblzO8=

lodash.compact@^3.0.1:
  version "3.0.1"
  resolved "https://registry.yarnpkg.com/lodash.compact/-/lodash.compact-3.0.1.tgz#540ce3837745975807471e16b4a2ba21e7256ca5"
  integrity sha1-VAzjg3dFl1gHRx4WtKK6IeclbKU=

lodash.find@^4.6.0:
  version "4.6.0"
  resolved "https://registry.yarnpkg.com/lodash.find/-/lodash.find-4.6.0.tgz#cb0704d47ab71789ffa0de8b97dd926fb88b13b1"
  integrity sha1-ywcE1Hq3F4n/oN6Ll92Sb7iLE7E=

lodash.flatten@^4.4.0:
  version "4.4.0"
  resolved "https://registry.yarnpkg.com/lodash.flatten/-/lodash.flatten-4.4.0.tgz#f31c22225a9632d2bbf8e4addbef240aa765a61f"
  integrity sha1-8xwiIlqWMtK7+OSt2+8kCqdlph8=

lodash.forin@^4.4.0:
  version "4.4.0"
  resolved "https://registry.yarnpkg.com/lodash.forin/-/lodash.forin-4.4.0.tgz#5d3f20ae564011fbe88381f7d98949c9c9519731"
  integrity sha1-XT8grlZAEfvog4H32YlJyclRlzE=

lodash.get@^4.4.2:
  version "4.4.2"
  resolved "https://registry.yarnpkg.com/lodash.get/-/lodash.get-4.4.2.tgz#2d177f652fa31e939b4438d5341499dfa3825e99"
  integrity sha1-LRd/ZS+jHpObRDjVNBSZ36OCXpk=

lodash.has@^4.5.2:
  version "4.5.2"
  resolved "https://registry.yarnpkg.com/lodash.has/-/lodash.has-4.5.2.tgz#d19f4dc1095058cccbe2b0cdf4ee0fe4aa37c862"
  integrity sha1-0Z9NwQlQWMzL4rDN9O4P5Ko3yGI=

lodash.invokemap@^4.6.0:
  version "4.6.0"
  resolved "https://registry.yarnpkg.com/lodash.invokemap/-/lodash.invokemap-4.6.0.tgz#1748cda5d8b0ef8369c4eb3ec54c21feba1f2d62"
  integrity sha1-F0jNpdiw74NpxOs+xUwh/rofLWI=

lodash.isempty@^4.4.0:
  version "4.4.0"
  resolved "https://registry.yarnpkg.com/lodash.isempty/-/lodash.isempty-4.4.0.tgz#6f86cbedd8be4ec987be9aaf33c9684db1b31e7e"
  integrity sha1-b4bL7di+TsmHvpqvM8loTbGzHn4=

lodash.isequal@^4.5.0:
  version "4.5.0"
  resolved "https://registry.yarnpkg.com/lodash.isequal/-/lodash.isequal-4.5.0.tgz#415c4478f2bcc30120c22ce10ed3226f7d3e18e0"
  integrity sha1-QVxEePK8wwEgwizhDtMib30+GOA=

lodash.isfunction@^3.0.9:
  version "3.0.9"
  resolved "https://registry.yarnpkg.com/lodash.isfunction/-/lodash.isfunction-3.0.9.tgz#06de25df4db327ac931981d1bdb067e5af68d051"
  integrity sha512-AirXNj15uRIMMPihnkInB4i3NHeb4iBtNg9WRWuK2o31S+ePwwNmDPaTL3o7dTJ+VXNZim7rFs4rxN4YU1oUJw==

lodash.isinteger@^4.0.4:
  version "4.0.4"
  resolved "https://registry.yarnpkg.com/lodash.isinteger/-/lodash.isinteger-4.0.4.tgz#619c0af3d03f8b04c31f5882840b77b11cd68343"
  integrity sha1-YZwK89A/iwTDH1iChAt3sRzWg0M=

lodash.isplainobject@^4.0.6:
  version "4.0.6"
  resolved "https://registry.yarnpkg.com/lodash.isplainobject/-/lodash.isplainobject-4.0.6.tgz#7c526a52d89b45c45cc690b88163be0497f550cb"
  integrity sha1-fFJqUtibRcRcxpC4gWO+BJf1UMs=

lodash.lowerfirst@^4.3.1:
  version "4.3.1"
  resolved "https://registry.yarnpkg.com/lodash.lowerfirst/-/lodash.lowerfirst-4.3.1.tgz#de3c7b12e02c6524a0059c2f6cb7c5c52655a13d"
  integrity sha1-3jx7EuAsZSSgBZwvbLfFxSZVoT0=

lodash.map@^4.6.0:
  version "4.6.0"
  resolved "https://registry.yarnpkg.com/lodash.map/-/lodash.map-4.6.0.tgz#771ec7839e3473d9c4cde28b19394c3562f4f6d3"
  integrity sha1-dx7Hg540c9nEzeKLGTlMNWL09tM=

lodash.mapvalues@^4.6.0:
  version "4.6.0"
  resolved "https://registry.yarnpkg.com/lodash.mapvalues/-/lodash.mapvalues-4.6.0.tgz#1bafa5005de9dd6f4f26668c30ca37230cc9689c"
  integrity sha1-G6+lAF3p3W9PJmaMMMo3IwzJaJw=

lodash.pick@^4.4.0:
  version "4.4.0"
  resolved "https://registry.yarnpkg.com/lodash.pick/-/lodash.pick-4.4.0.tgz#52f05610fff9ded422611441ed1fc123a03001b3"
  integrity sha1-UvBWEP/53tQiYRRB7R/BI6AwAbM=

lodash.snakecase@^4.1.1:
  version "4.1.1"
  resolved "https://registry.yarnpkg.com/lodash.snakecase/-/lodash.snakecase-4.1.1.tgz#39d714a35357147837aefd64b5dcbb16becd8f8d"
  integrity sha1-OdcUo1NXFHg3rv1ktdy7Fr7Nj40=

lodash.uniq@^4.5.0:
  version "4.5.0"
  resolved "https://registry.yarnpkg.com/lodash.uniq/-/lodash.uniq-4.5.0.tgz#d0225373aeb652adc1bc82e4945339a842754773"
  integrity sha1-0CJTc662Uq3BvILklFM5qEJ1R3M=

lodash.uniqby@^4.7.0:
  version "4.7.0"
  resolved "https://registry.yarnpkg.com/lodash.uniqby/-/lodash.uniqby-4.7.0.tgz#d99c07a669e9e6d24e1362dfe266c67616af1302"
  integrity sha1-2ZwHpmnp5tJOE2Lf4mbGdhavEwI=

lodash.values@^4.3.0:
  version "4.3.0"
  resolved "https://registry.yarnpkg.com/lodash.values/-/lodash.values-4.3.0.tgz#a3a6c2b0ebecc5c2cba1c17e6e620fe81b53d347"
  integrity sha1-o6bCsOvsxcLLocF+bmIP6BtT00c=

loose-envify@^1.0.0, loose-envify@^1.4.0:
  version "1.4.0"
  resolved "https://registry.yarnpkg.com/loose-envify/-/loose-envify-1.4.0.tgz#71ee51fa7be4caec1a63839f7e682d8132d30caf"
  integrity sha512-lyuxPGr/Wfhrlem2CL/UcnUc1zcqKAImBDzukY7Y5F/yQiNdko6+fRLevlw1HgMySw7f611UIY408EtxRSoK3Q==
  dependencies:
    js-tokens "^3.0.0 || ^4.0.0"

miragejs@^0.1.41:
  version "0.1.41"
  resolved "https://registry.yarnpkg.com/miragejs/-/miragejs-0.1.41.tgz#1b06a2d2d9de65624f5bb1cee7ebb4a208f554d0"
  integrity sha512-ur8x7sBskgey64vdzKGVCVC3hgKXWl2Cg5lZbxd6OmKrhr9LCCP/Bv7qh4wsQxIMHZnENxybFATXnrQ+rzSOWQ==
  dependencies:
    "@miragejs/pretender-node-polyfill" "^0.1.0"
    inflected "^2.0.4"
    lodash.assign "^4.2.0"
    lodash.camelcase "^4.3.0"
    lodash.clonedeep "^4.5.0"
    lodash.compact "^3.0.1"
    lodash.find "^4.6.0"
    lodash.flatten "^4.4.0"
    lodash.forin "^4.4.0"
    lodash.get "^4.4.2"
    lodash.has "^4.5.2"
    lodash.invokemap "^4.6.0"
    lodash.isempty "^4.4.0"
    lodash.isequal "^4.5.0"
    lodash.isfunction "^3.0.9"
    lodash.isinteger "^4.0.4"
    lodash.isplainobject "^4.0.6"
    lodash.lowerfirst "^4.3.1"
    lodash.map "^4.6.0"
    lodash.mapvalues "^4.6.0"
    lodash.pick "^4.4.0"
    lodash.snakecase "^4.1.1"
    lodash.uniq "^4.5.0"
    lodash.uniqby "^4.7.0"
    lodash.values "^4.3.0"
    pretender "^3.4.3"

object-assign@^4.1.1:
  version "4.1.1"
  resolved "https://registry.yarnpkg.com/object-assign/-/object-assign-4.1.1.tgz#2109adc7965887cfc05cbbd442cac8bfbb360863"
  integrity sha1-IQmtx5ZYh8/AXLvUQsrIv7s2CGM=

polished@^4.1.3:
  version "4.1.3"
  resolved "https://registry.yarnpkg.com/polished/-/polished-4.1.3.tgz#7a3abf2972364e7d97770b827eec9a9e64002cfc"
  integrity sha512-ocPAcVBUOryJEKe0z2KLd1l9EBa1r5mSwlKpExmrLzsnIzJo4axsoU9O2BjOTkDGDT4mZ0WFE5XKTlR3nLnZOA==
  dependencies:
    "@babel/runtime" "^7.14.0"

pretender@^3.4.3:
  version "3.4.3"
  resolved "https://registry.yarnpkg.com/pretender/-/pretender-3.4.3.tgz#a3b4160516007075d29127262f3a0063d19896e9"
  integrity sha512-AlbkBly9R8KR+R0sTCJ/ToOeEoUMtt52QVCetui5zoSmeLOU3S8oobFsyPLm1O2txR6t58qDNysqPnA1vVi8Hg==
  dependencies:
    fake-xml-http-request "^2.1.1"
    route-recognizer "^0.3.3"

prop-types@^15.7.2:
  version "15.7.2"
  resolved "https://registry.yarnpkg.com/prop-types/-/prop-types-15.7.2.tgz#52c41e75b8c87e72b9d9360e0206b99dcbffa6c5"
  integrity sha512-8QQikdH7//R2vurIJSutZ1smHYTcLpRWEOlHnzcWHmBYrOGUysKwSsrC89BCiFj3CbrfJ/nXFdJepOVrY1GCHQ==
  dependencies:
    loose-envify "^1.4.0"
    object-assign "^4.1.1"
    react-is "^16.8.1"

react-is@^16.8.1:
  version "16.13.1"
  resolved "https://registry.yarnpkg.com/react-is/-/react-is-16.13.1.tgz#789729a4dc36de2999dc156dd6c1d9c18cea56a4"
  integrity sha512-24e6ynE2H+OKt4kqsOvNd8kBpV65zoxbA4BVsEOB3ARVWQki/DHzaUoC5KuON/BiccDaCCTZBuOcfZs70kR8bQ==

react-lifecycles-compat@^3.0.0:
  version "3.0.4"
  resolved "https://registry.yarnpkg.com/react-lifecycles-compat/-/react-lifecycles-compat-3.0.4.tgz#4f1a273afdfc8f3488a8c516bfda78f872352362"
  integrity sha512-fBASbA6LnOU9dOU2eW7aQ8xmYBSXUIWr+UmF9b1efZBazGNO+rcXT/icdKnYm2pTwcRylVUYwW7H1PHfLekVzA==

react-modal@^3.14.3:
  version "3.14.3"
  resolved "https://registry.yarnpkg.com/react-modal/-/react-modal-3.14.3.tgz#7eb7c5ec85523e5843e2d4737cc17fc3f6aeb1c0"
  integrity sha512-+C2KODVKyu20zHXPJxfOOcf571L1u/EpFlH+oS/3YDn8rgVE51QZuxuuIwabJ8ZFnOEHaD+r6XNjqwtxZnXO0g==
  dependencies:
    exenv "^1.2.0"
    prop-types "^15.7.2"
    react-lifecycles-compat "^3.0.0"
    warning "^4.0.3"

react-switch@^6.0.0:
  version "6.0.0"
  resolved "https://registry.yarnpkg.com/react-switch/-/react-switch-6.0.0.tgz#bd4a2dea08f211b8a32e55e8314fd44bc1ec947e"
  integrity sha512-QV3/6eRK5/5epdQzIqvDAHRoGLbCv/wDpHUi6yBMXY1Xco5XGuIZxvB49PHoV1v/SpEgOCJLD/Zo43iic+aEIw==
  dependencies:
    prop-types "^15.7.2"

regenerator-runtime@^0.13.4:
  version "0.13.7"
  resolved "https://registry.yarnpkg.com/regenerator-runtime/-/regenerator-runtime-0.13.7.tgz#cac2dacc8a1ea675feaabaeb8ae833898ae46f55"
  integrity sha512-a54FxoJDIr27pgf7IgeQGxmqUNYrcV338lf/6gH456HZ/PhX+5BcwHXG9ajESmwe6WRO0tAzRUrRmNONWgkrew==

route-recognizer@^0.3.3:
  version "0.3.4"
  resolved "https://registry.yarnpkg.com/route-recognizer/-/route-recognizer-0.3.4.tgz#39ab1ffbce1c59e6d2bdca416f0932611e4f3ca3"
  integrity sha512-2+MhsfPhvauN1O8KaXpXAOfR/fwe8dnUXVM+xw7yt40lJRfPVQxV6yryZm0cgRvAj5fMF/mdRZbL2ptwbs5i2g==

warning@^4.0.3:
  version "4.0.3"
  resolved "https://registry.yarnpkg.com/warning/-/warning-4.0.3.tgz#16e9e077eb8a86d6af7d64aa1e05fd85b4678ca3"
  integrity sha512-rpJyN222KWIvHJ/F53XSZv0Zl/accqHR8et1kpaMTD/fLCRxtV8iX8czMzY7sVZupTI3zcUTg8eycS2kNF9l6w==
  dependencies:
    loose-envify "^1.0.0"
